{
  "originHash" : "eb609bceab3615d827c5a44e3f6cf4c32e91814057396a68da77a46db6a05b52",
  "pins" : [
    {
      "identity" : "apiclient",
      "kind" : "remoteSourceControl",
      "location" : "https://github.com/koshakji/APIClient",
      "state" : {
        "branch" : "improved-error-handling",
        "revision" : "0912eb3de9f89199530a480ecbf7daa5edee3f44"
      }
    }
  ],
  "version" : 3
}
