{
  "originHash" : "ff8a0118c60208cb2f98dbd47467dc784805dc853f8c6e0a25dd3504f252d877",
  "pins" : [
    {
      "identity" : "apiclient",
      "kind" : "remoteSourceControl",
      "location" : "https://github.com/koshakji/APIClient",
      "state" : {
        "revision" : "cf892fdf5a1d5be6c5f20c2313ced56769862bff",
        "version" : "0.0.8"
      }
    }
  ],
  "version" : 3
}
